
Microsoft Visual Studio Solution File, Format Version 12.00
# Visual Studio Version 16
VisualStudioVersion = 16.0.29728.190
MinimumVisualStudioVersion = 10.0.40219.1
Project("{FAE04EC0-301F-11D3-BF4B-00C04F79EFBC}") = "RunningButton", "RunningButton\RunningButton.csproj", "{34B93374-920D-4132-B769-4FC896081E9B}"
EndProject
Project("{FAE04EC0-301F-11D3-BF4B-00C04F79EFBC}") = "ColorPalette", "ColorPalette\ColorPalette.csproj", "{364E2034-FE0C-485F-93AA-676B95266F09}"
EndProject
Global
	GlobalSection(SolutionConfigurationPlatforms) = preSolution
		Debug|Any CPU = Debug|Any CPU
		Release|Any CPU = Release|Any CPU
	EndGlobalSection
	GlobalSection(ProjectConfigurationPlatforms) = postSolution
		{34B93374-920D-4132-B769-4FC896081E9B}.Debug|Any CPU.ActiveCfg = Debug|Any CPU
		{34B93374-920D-4132-B769-4FC896081E9B}.Debug|Any CPU.Build.0 = Debug|Any CPU
		{34B93374-920D-4132-B769-4FC896081E9B}.Release|Any CPU.ActiveCfg = Release|Any CPU
		{34B93374-920D-4132-B769-4FC896081E9B}.Release|Any CPU.Build.0 = Release|Any CPU
		{364E2034-FE0C-485F-93AA-676B95266F09}.Debug|Any CPU.ActiveCfg = Debug|Any CPU
		{364E2034-FE0C-485F-93AA-676B95266F09}.Debug|Any CPU.Build.0 = Debug|Any CPU
		{364E2034-FE0C-485F-93AA-676B95266F09}.Release|Any CPU.ActiveCfg = Release|Any CPU
		{364E2034-FE0C-485F-93AA-676B95266F09}.Release|Any CPU.Build.0 = Release|Any CPU
	EndGlobalSection
	GlobalSection(SolutionProperties) = preSolution
		HideSolutionNode = FALSE
	EndGlobalSection
	GlobalSection(ExtensibilityGlobals) = postSolution
		SolutionGuid = {DAB3C13D-7E0A-488C-AFEC-A56E200F5722}
	EndGlobalSection
EndGlobal
